
Microsoft Visual Studio Solution File, Format Version 12.00
# Visual Studio Version 17
VisualStudioVersion = 17.2.32526.322
MinimumVisualStudioVersion = 10.0.40219.1
Project("{2150E333-8FDC-42A3-9474-1A3956D46DE8}") = "src", "src", "{9CE61ADE-B3EE-4045-89A4-6E25E82E6BE0}"
EndProject
Project("{2150E333-8FDC-42A3-9474-1A3956D46DE8}") = "Creational", "Creational", "{7E782E24-5247-4EDA-854C-D96A16825844}"
EndProject
Project("{2150E333-8FDC-42A3-9474-1A3956D46DE8}") = "Structural", "Structural", "{555C2C63-7870-441A-BA1F-CB52483D984F}"
EndProject
Project("{2150E333-8FDC-42A3-9474-1A3956D46DE8}") = "Behavioral", "Behavioral", "{F21109C8-CCB5-4A00-B131-48F926BACB59}"
EndProject
Project("{FAE04EC0-301F-11D3-BF4B-00C04F79EFBC}") = "Singleton", "src\Creational\Singleton\Singleton.csproj", "{EB699A5D-C559-46C8-A8AF-346513531445}"
EndProject
Project("{FAE04EC0-301F-11D3-BF4B-00C04F79EFBC}") = "FactoryMethod", "src\Creational\FactoryMethod\FactoryMethod.csproj", "{4DBDD761-6462-4C13-96EA-1FC677B69CB9}"
EndProject
Project("{FAE04EC0-301F-11D3-BF4B-00C04F79EFBC}") = "AbstractFactory", "src\Creational\AbstractFactory\AbstractFactory.csproj", "{E5C943A2-7FF5-4D51-BC07-62D9D76A27E9}"
EndProject
Project("{FAE04EC0-301F-11D3-BF4B-00C04F79EFBC}") = "Builder", "src\Creational\Builder\Builder.csproj", "{87245E9C-EE20-466F-879B-9998388AC564}"
EndProject
Project("{FAE04EC0-301F-11D3-BF4B-00C04F79EFBC}") = "Prototype", "src\Creational\Prototype\Prototype.csproj", "{D4E735F6-1F56-4170-995F-75E523B37E23}"
EndProject
Project("{FAE04EC0-301F-11D3-BF4B-00C04F79EFBC}") = "Adapter", "src\Structural\Adapter\Adapter.csproj", "{7A1F0EDA-7B30-4CBB-9432-F6D76260F222}"
EndProject
Project("{FAE04EC0-301F-11D3-BF4B-00C04F79EFBC}") = "Bridge", "src\Structural\Bridge\Bridge.csproj", "{E1178AC3-B3C4-4852-BD9C-24A6F9098DEC}"
EndProject
Project("{FAE04EC0-301F-11D3-BF4B-00C04F79EFBC}") = "Decorator", "src\Structural\Decorator\Decorator.csproj", "{DE1C56B2-9C6F-4870-B26A-D9DB2FB7BF97}"
EndProject
Project("{FAE04EC0-301F-11D3-BF4B-00C04F79EFBC}") = "Composite", "src\Structural\Composite\Composite.csproj", "{CDE3637C-BDB1-417C-9F85-16A8CE1A0BE4}"
EndProject
Project("{FAE04EC0-301F-11D3-BF4B-00C04F79EFBC}") = "Facade", "src\Structural\Facade\Facade.csproj", "{385E086F-1B9C-458E-86B7-3C2530551691}"
EndProject
Project("{FAE04EC0-301F-11D3-BF4B-00C04F79EFBC}") = "TemplateMethod", "src\Behavioral\TemplateMethod\TemplateMethod.csproj", "{85A340EC-7CF1-4276-BEC0-6FC24245D80A}"
EndProject
Project("{FAE04EC0-301F-11D3-BF4B-00C04F79EFBC}") = "Strategy", "src\Behavioral\Strategy\Strategy.csproj", "{B56EFD90-23DD-4E85-9E0A-55161A4CC3A6}"
EndProject
Project("{FAE04EC0-301F-11D3-BF4B-00C04F79EFBC}") = "ChainOfResponsibility", "src\Behavioral\ChainOfResponsibility\ChainOfResponsibility.csproj", "{6BAA9AF8-1CE8-4A27-9896-594C281A2A53}"
EndProject
Project("{FAE04EC0-301F-11D3-BF4B-00C04F79EFBC}") = "Observer", "src\Behavioral\Observer\Observer.csproj", "{A21714A7-3AB3-40FE-8CC0-E45B1692E090}"
EndProject
Project("{FAE04EC0-301F-11D3-BF4B-00C04F79EFBC}") = "Iterator", "src\Behavioral\Iterator\Iterator.csproj", "{6B3FDE24-FF4E-4851-A237-84B620C10738}"
EndProject
Project("{FAE04EC0-301F-11D3-BF4B-00C04F79EFBC}") = "Proxy", "src\Structural\Proxy\Proxy.csproj", "{D7BC04A4-F114-422B-8344-1601ABAD117E}"
EndProject
Project("{FAE04EC0-301F-11D3-BF4B-00C04F79EFBC}") = "Flyweight", "src\Structural\Flyweight\Flyweight.csproj", "{749FDC53-2A71-42FF-8399-15449A96FD6C}"
EndProject
Project("{FAE04EC0-301F-11D3-BF4B-00C04F79EFBC}") = "Command", "src\Behavioral\Command\Command.csproj", "{7F66BF57-2B38-454B-95C5-17360AB4BE12}"
EndProject
Project("{FAE04EC0-301F-11D3-BF4B-00C04F79EFBC}") = "Memento", "src\Behavioral\Memento\Memento.csproj", "{54ACB522-935A-4669-9F79-3CFB3B4957A1}"
EndProject
Project("{FAE04EC0-301F-11D3-BF4B-00C04F79EFBC}") = "Mediator", "src\Behavioral\Mediator\Mediator.csproj", "{53044966-3299-4E00-BCFE-6ED56868D56B}"
EndProject
Project("{FAE04EC0-301F-11D3-BF4B-00C04F79EFBC}") = "State", "src\Behavioral\State\State.csproj", "{A68223A1-E5A9-4445-950B-3537FC07ACA6}"
EndProject
Project("{FAE04EC0-301F-11D3-BF4B-00C04F79EFBC}") = "Visitor", "src\Behavioral\Visitor\Visitor.csproj", "{7D0C482A-C35B-4885-874A-37B503979AA2}"
EndProject
Project("{FAE04EC0-301F-11D3-BF4B-00C04F79EFBC}") = "Interpreter", "src\Behavioral\Interpreter\Interpreter.csproj", "{FDAA554E-F91F-4EC8-B567-25CB87799D8F}"
EndProject
Project("{2150E333-8FDC-42A3-9474-1A3956D46DE8}") = "Playground", "Playground", "{1BEA3EE6-6567-4B79-B6C2-B061D4A134A0}"
EndProject
Project("{FAE04EC0-301F-11D3-BF4B-00C04F79EFBC}") = "BuildingManager", "src\Playground\BuildingManager\BuildingManager.csproj", "{2F553C53-7DC9-4F4F-AC09-E3D82D49BE83}"
EndProject
Global
	GlobalSection(SolutionConfigurationPlatforms) = preSolution
		Debug|Any CPU = Debug|Any CPU
		Release|Any CPU = Release|Any CPU
	EndGlobalSection
	GlobalSection(ProjectConfigurationPlatforms) = postSolution
		{EB699A5D-C559-46C8-A8AF-346513531445}.Debug|Any CPU.ActiveCfg = Debug|Any CPU
		{EB699A5D-C559-46C8-A8AF-346513531445}.Debug|Any CPU.Build.0 = Debug|Any CPU
		{EB699A5D-C559-46C8-A8AF-346513531445}.Release|Any CPU.ActiveCfg = Release|Any CPU
		{EB699A5D-C559-46C8-A8AF-346513531445}.Release|Any CPU.Build.0 = Release|Any CPU
		{4DBDD761-6462-4C13-96EA-1FC677B69CB9}.Debug|Any CPU.ActiveCfg = Debug|Any CPU
		{4DBDD761-6462-4C13-96EA-1FC677B69CB9}.Debug|Any CPU.Build.0 = Debug|Any CPU
		{4DBDD761-6462-4C13-96EA-1FC677B69CB9}.Release|Any CPU.ActiveCfg = Release|Any CPU
		{4DBDD761-6462-4C13-96EA-1FC677B69CB9}.Release|Any CPU.Build.0 = Release|Any CPU
		{E5C943A2-7FF5-4D51-BC07-62D9D76A27E9}.Debug|Any CPU.ActiveCfg = Debug|Any CPU
		{E5C943A2-7FF5-4D51-BC07-62D9D76A27E9}.Debug|Any CPU.Build.0 = Debug|Any CPU
		{E5C943A2-7FF5-4D51-BC07-62D9D76A27E9}.Release|Any CPU.ActiveCfg = Release|Any CPU
		{E5C943A2-7FF5-4D51-BC07-62D9D76A27E9}.Release|Any CPU.Build.0 = Release|Any CPU
		{87245E9C-EE20-466F-879B-9998388AC564}.Debug|Any CPU.ActiveCfg = Debug|Any CPU
		{87245E9C-EE20-466F-879B-9998388AC564}.Debug|Any CPU.Build.0 = Debug|Any CPU
		{87245E9C-EE20-466F-879B-9998388AC564}.Release|Any CPU.ActiveCfg = Release|Any CPU
		{87245E9C-EE20-466F-879B-9998388AC564}.Release|Any CPU.Build.0 = Release|Any CPU
		{D4E735F6-1F56-4170-995F-75E523B37E23}.Debug|Any CPU.ActiveCfg = Debug|Any CPU
		{D4E735F6-1F56-4170-995F-75E523B37E23}.Debug|Any CPU.Build.0 = Debug|Any CPU
		{D4E735F6-1F56-4170-995F-75E523B37E23}.Release|Any CPU.ActiveCfg = Release|Any CPU
		{D4E735F6-1F56-4170-995F-75E523B37E23}.Release|Any CPU.Build.0 = Release|Any CPU
		{7A1F0EDA-7B30-4CBB-9432-F6D76260F222}.Debug|Any CPU.ActiveCfg = Debug|Any CPU
		{7A1F0EDA-7B30-4CBB-9432-F6D76260F222}.Debug|Any CPU.Build.0 = Debug|Any CPU
		{7A1F0EDA-7B30-4CBB-9432-F6D76260F222}.Release|Any CPU.ActiveCfg = Release|Any CPU
		{7A1F0EDA-7B30-4CBB-9432-F6D76260F222}.Release|Any CPU.Build.0 = Release|Any CPU
		{E1178AC3-B3C4-4852-BD9C-24A6F9098DEC}.Debug|Any CPU.ActiveCfg = Debug|Any CPU
		{E1178AC3-B3C4-4852-BD9C-24A6F9098DEC}.Debug|Any CPU.Build.0 = Debug|Any CPU
		{E1178AC3-B3C4-4852-BD9C-24A6F9098DEC}.Release|Any CPU.ActiveCfg = Release|Any CPU
		{E1178AC3-B3C4-4852-BD9C-24A6F9098DEC}.Release|Any CPU.Build.0 = Release|Any CPU
		{DE1C56B2-9C6F-4870-B26A-D9DB2FB7BF97}.Debug|Any CPU.ActiveCfg = Debug|Any CPU
		{DE1C56B2-9C6F-4870-B26A-D9DB2FB7BF97}.Debug|Any CPU.Build.0 = Debug|Any CPU
		{DE1C56B2-9C6F-4870-B26A-D9DB2FB7BF97}.Release|Any CPU.ActiveCfg = Release|Any CPU
		{DE1C56B2-9C6F-4870-B26A-D9DB2FB7BF97}.Release|Any CPU.Build.0 = Release|Any CPU
		{CDE3637C-BDB1-417C-9F85-16A8CE1A0BE4}.Debug|Any CPU.ActiveCfg = Debug|Any CPU
		{CDE3637C-BDB1-417C-9F85-16A8CE1A0BE4}.Debug|Any CPU.Build.0 = Debug|Any CPU
		{CDE3637C-BDB1-417C-9F85-16A8CE1A0BE4}.Release|Any CPU.ActiveCfg = Release|Any CPU
		{CDE3637C-BDB1-417C-9F85-16A8CE1A0BE4}.Release|Any CPU.Build.0 = Release|Any CPU
		{385E086F-1B9C-458E-86B7-3C2530551691}.Debug|Any CPU.ActiveCfg = Debug|Any CPU
		{385E086F-1B9C-458E-86B7-3C2530551691}.Debug|Any CPU.Build.0 = Debug|Any CPU
		{385E086F-1B9C-458E-86B7-3C2530551691}.Release|Any CPU.ActiveCfg = Release|Any CPU
		{385E086F-1B9C-458E-86B7-3C2530551691}.Release|Any CPU.Build.0 = Release|Any CPU
		{85A340EC-7CF1-4276-BEC0-6FC24245D80A}.Debug|Any CPU.ActiveCfg = Debug|Any CPU
		{85A340EC-7CF1-4276-BEC0-6FC24245D80A}.Debug|Any CPU.Build.0 = Debug|Any CPU
		{85A340EC-7CF1-4276-BEC0-6FC24245D80A}.Release|Any CPU.ActiveCfg = Release|Any CPU
		{85A340EC-7CF1-4276-BEC0-6FC24245D80A}.Release|Any CPU.Build.0 = Release|Any CPU
		{B56EFD90-23DD-4E85-9E0A-55161A4CC3A6}.Debug|Any CPU.ActiveCfg = Debug|Any CPU
		{B56EFD90-23DD-4E85-9E0A-55161A4CC3A6}.Debug|Any CPU.Build.0 = Debug|Any CPU
		{B56EFD90-23DD-4E85-9E0A-55161A4CC3A6}.Release|Any CPU.ActiveCfg = Release|Any CPU
		{B56EFD90-23DD-4E85-9E0A-55161A4CC3A6}.Release|Any CPU.Build.0 = Release|Any CPU
		{6BAA9AF8-1CE8-4A27-9896-594C281A2A53}.Debug|Any CPU.ActiveCfg = Debug|Any CPU
		{6BAA9AF8-1CE8-4A27-9896-594C281A2A53}.Debug|Any CPU.Build.0 = Debug|Any CPU
		{6BAA9AF8-1CE8-4A27-9896-594C281A2A53}.Release|Any CPU.ActiveCfg = Release|Any CPU
		{6BAA9AF8-1CE8-4A27-9896-594C281A2A53}.Release|Any CPU.Build.0 = Release|Any CPU
		{A21714A7-3AB3-40FE-8CC0-E45B1692E090}.Debug|Any CPU.ActiveCfg = Debug|Any CPU
		{A21714A7-3AB3-40FE-8CC0-E45B1692E090}.Debug|Any CPU.Build.0 = Debug|Any CPU
		{A21714A7-3AB3-40FE-8CC0-E45B1692E090}.Release|Any CPU.ActiveCfg = Release|Any CPU
		{A21714A7-3AB3-40FE-8CC0-E45B1692E090}.Release|Any CPU.Build.0 = Release|Any CPU
		{6B3FDE24-FF4E-4851-A237-84B620C10738}.Debug|Any CPU.ActiveCfg = Debug|Any CPU
		{6B3FDE24-FF4E-4851-A237-84B620C10738}.Debug|Any CPU.Build.0 = Debug|Any CPU
		{6B3FDE24-FF4E-4851-A237-84B620C10738}.Release|Any CPU.ActiveCfg = Release|Any CPU
		{6B3FDE24-FF4E-4851-A237-84B620C10738}.Release|Any CPU.Build.0 = Release|Any CPU
		{D7BC04A4-F114-422B-8344-1601ABAD117E}.Debug|Any CPU.ActiveCfg = Debug|Any CPU
		{D7BC04A4-F114-422B-8344-1601ABAD117E}.Debug|Any CPU.Build.0 = Debug|Any CPU
		{D7BC04A4-F114-422B-8344-1601ABAD117E}.Release|Any CPU.ActiveCfg = Release|Any CPU
		{D7BC04A4-F114-422B-8344-1601ABAD117E}.Release|Any CPU.Build.0 = Release|Any CPU
		{749FDC53-2A71-42FF-8399-15449A96FD6C}.Debug|Any CPU.ActiveCfg = Debug|Any CPU
		{749FDC53-2A71-42FF-8399-15449A96FD6C}.Debug|Any CPU.Build.0 = Debug|Any CPU
		{749FDC53-2A71-42FF-8399-15449A96FD6C}.Release|Any CPU.ActiveCfg = Release|Any CPU
		{749FDC53-2A71-42FF-8399-15449A96FD6C}.Release|Any CPU.Build.0 = Release|Any CPU
		{7F66BF57-2B38-454B-95C5-17360AB4BE12}.Debug|Any CPU.ActiveCfg = Debug|Any CPU
		{7F66BF57-2B38-454B-95C5-17360AB4BE12}.Debug|Any CPU.Build.0 = Debug|Any CPU
		{7F66BF57-2B38-454B-95C5-17360AB4BE12}.Release|Any CPU.ActiveCfg = Release|Any CPU
		{7F66BF57-2B38-454B-95C5-17360AB4BE12}.Release|Any CPU.Build.0 = Release|Any CPU
		{54ACB522-935A-4669-9F79-3CFB3B4957A1}.Debug|Any CPU.ActiveCfg = Debug|Any CPU
		{54ACB522-935A-4669-9F79-3CFB3B4957A1}.Debug|Any CPU.Build.0 = Debug|Any CPU
		{54ACB522-935A-4669-9F79-3CFB3B4957A1}.Release|Any CPU.ActiveCfg = Release|Any CPU
		{54ACB522-935A-4669-9F79-3CFB3B4957A1}.Release|Any CPU.Build.0 = Release|Any CPU
		{53044966-3299-4E00-BCFE-6ED56868D56B}.Debug|Any CPU.ActiveCfg = Debug|Any CPU
		{53044966-3299-4E00-BCFE-6ED56868D56B}.Debug|Any CPU.Build.0 = Debug|Any CPU
		{53044966-3299-4E00-BCFE-6ED56868D56B}.Release|Any CPU.ActiveCfg = Release|Any CPU
		{53044966-3299-4E00-BCFE-6ED56868D56B}.Release|Any CPU.Build.0 = Release|Any CPU
		{A68223A1-E5A9-4445-950B-3537FC07ACA6}.Debug|Any CPU.ActiveCfg = Debug|Any CPU
		{A68223A1-E5A9-4445-950B-3537FC07ACA6}.Debug|Any CPU.Build.0 = Debug|Any CPU
		{A68223A1-E5A9-4445-950B-3537FC07ACA6}.Release|Any CPU.ActiveCfg = Release|Any CPU
		{A68223A1-E5A9-4445-950B-3537FC07ACA6}.Release|Any CPU.Build.0 = Release|Any CPU
		{7D0C482A-C35B-4885-874A-37B503979AA2}.Debug|Any CPU.ActiveCfg = Debug|Any CPU
		{7D0C482A-C35B-4885-874A-37B503979AA2}.Debug|Any CPU.Build.0 = Debug|Any CPU
		{7D0C482A-C35B-4885-874A-37B503979AA2}.Release|Any CPU.ActiveCfg = Release|Any CPU
		{7D0C482A-C35B-4885-874A-37B503979AA2}.Release|Any CPU.Build.0 = Release|Any CPU
		{FDAA554E-F91F-4EC8-B567-25CB87799D8F}.Debug|Any CPU.ActiveCfg = Debug|Any CPU
		{FDAA554E-F91F-4EC8-B567-25CB87799D8F}.Debug|Any CPU.Build.0 = Debug|Any CPU
		{FDAA554E-F91F-4EC8-B567-25CB87799D8F}.Release|Any CPU.ActiveCfg = Release|Any CPU
		{FDAA554E-F91F-4EC8-B567-25CB87799D8F}.Release|Any CPU.Build.0 = Release|Any CPU
		{2F553C53-7DC9-4F4F-AC09-E3D82D49BE83}.Debug|Any CPU.ActiveCfg = Debug|Any CPU
		{2F553C53-7DC9-4F4F-AC09-E3D82D49BE83}.Debug|Any CPU.Build.0 = Debug|Any CPU
		{2F553C53-7DC9-4F4F-AC09-E3D82D49BE83}.Release|Any CPU.ActiveCfg = Release|Any CPU
		{2F553C53-7DC9-4F4F-AC09-E3D82D49BE83}.Release|Any CPU.Build.0 = Release|Any CPU
	EndGlobalSection
	GlobalSection(SolutionProperties) = preSolution
		HideSolutionNode = FALSE
	EndGlobalSection
	GlobalSection(NestedProjects) = preSolution
		{7E782E24-5247-4EDA-854C-D96A16825844} = {9CE61ADE-B3EE-4045-89A4-6E25E82E6BE0}
		{555C2C63-7870-441A-BA1F-CB52483D984F} = {9CE61ADE-B3EE-4045-89A4-6E25E82E6BE0}
		{F21109C8-CCB5-4A00-B131-48F926BACB59} = {9CE61ADE-B3EE-4045-89A4-6E25E82E6BE0}
		{EB699A5D-C559-46C8-A8AF-346513531445} = {7E782E24-5247-4EDA-854C-D96A16825844}
		{4DBDD761-6462-4C13-96EA-1FC677B69CB9} = {7E782E24-5247-4EDA-854C-D96A16825844}
		{E5C943A2-7FF5-4D51-BC07-62D9D76A27E9} = {7E782E24-5247-4EDA-854C-D96A16825844}
		{87245E9C-EE20-466F-879B-9998388AC564} = {7E782E24-5247-4EDA-854C-D96A16825844}
		{D4E735F6-1F56-4170-995F-75E523B37E23} = {7E782E24-5247-4EDA-854C-D96A16825844}
		{7A1F0EDA-7B30-4CBB-9432-F6D76260F222} = {555C2C63-7870-441A-BA1F-CB52483D984F}
		{E1178AC3-B3C4-4852-BD9C-24A6F9098DEC} = {555C2C63-7870-441A-BA1F-CB52483D984F}
		{DE1C56B2-9C6F-4870-B26A-D9DB2FB7BF97} = {555C2C63-7870-441A-BA1F-CB52483D984F}
		{CDE3637C-BDB1-417C-9F85-16A8CE1A0BE4} = {555C2C63-7870-441A-BA1F-CB52483D984F}
		{385E086F-1B9C-458E-86B7-3C2530551691} = {555C2C63-7870-441A-BA1F-CB52483D984F}
		{85A340EC-7CF1-4276-BEC0-6FC24245D80A} = {F21109C8-CCB5-4A00-B131-48F926BACB59}
		{B56EFD90-23DD-4E85-9E0A-55161A4CC3A6} = {F21109C8-CCB5-4A00-B131-48F926BACB59}
		{6BAA9AF8-1CE8-4A27-9896-594C281A2A53} = {F21109C8-CCB5-4A00-B131-48F926BACB59}
		{A21714A7-3AB3-40FE-8CC0-E45B1692E090} = {F21109C8-CCB5-4A00-B131-48F926BACB59}
		{6B3FDE24-FF4E-4851-A237-84B620C10738} = {F21109C8-CCB5-4A00-B131-48F926BACB59}
		{D7BC04A4-F114-422B-8344-1601ABAD117E} = {555C2C63-7870-441A-BA1F-CB52483D984F}
		{749FDC53-2A71-42FF-8399-15449A96FD6C} = {555C2C63-7870-441A-BA1F-CB52483D984F}
		{7F66BF57-2B38-454B-95C5-17360AB4BE12} = {F21109C8-CCB5-4A00-B131-48F926BACB59}
		{54ACB522-935A-4669-9F79-3CFB3B4957A1} = {F21109C8-CCB5-4A00-B131-48F926BACB59}
		{53044966-3299-4E00-BCFE-6ED56868D56B} = {F21109C8-CCB5-4A00-B131-48F926BACB59}
		{A68223A1-E5A9-4445-950B-3537FC07ACA6} = {F21109C8-CCB5-4A00-B131-48F926BACB59}
		{7D0C482A-C35B-4885-874A-37B503979AA2} = {F21109C8-CCB5-4A00-B131-48F926BACB59}
		{FDAA554E-F91F-4EC8-B567-25CB87799D8F} = {F21109C8-CCB5-4A00-B131-48F926BACB59}
		{1BEA3EE6-6567-4B79-B6C2-B061D4A134A0} = {9CE61ADE-B3EE-4045-89A4-6E25E82E6BE0}
		{2F553C53-7DC9-4F4F-AC09-E3D82D49BE83} = {1BEA3EE6-6567-4B79-B6C2-B061D4A134A0}
	EndGlobalSection
	GlobalSection(ExtensibilityGlobals) = postSolution
		SolutionGuid = {E7B0D423-D8CC-4A7A-9A2A-1896734835DD}
	EndGlobalSection
EndGlobal
